
Microsoft Visual Studio Solution File, Format Version 12.00
# Visual Studio 2012
Project("{FAE04EC0-301F-11D3-BF4B-00C04F79EFBC}") = "ICT13580068FinalA", "ICT13580068FinalA\ICT13580068FinalA.csproj", "{832DBB2B-15FF-4612-9806-849D5E5F0EFD}"
EndProject
Project("{FAE04EC0-301F-11D3-BF4B-00C04F79EFBC}") = "ICT13580068FinalA.iOS", "iOS\ICT13580068FinalA.iOS.csproj", "{4FFBE147-8C0C-4DA1-91F3-FFE30D08FBB9}"
EndProject
Global
	GlobalSection(SolutionConfigurationPlatforms) = preSolution
		Debug|Any CPU = Debug|Any CPU
		Release|Any CPU = Release|Any CPU
		Debug|iPhoneSimulator = Debug|iPhoneSimulator
		Release|iPhone = Release|iPhone
		Release|iPhoneSimulator = Release|iPhoneSimulator
		Debug|iPhone = Debug|iPhone
	EndGlobalSection
	GlobalSection(ProjectConfigurationPlatforms) = postSolution
		{832DBB2B-15FF-4612-9806-849D5E5F0EFD}.Debug|Any CPU.ActiveCfg = Debug|Any CPU
		{832DBB2B-15FF-4612-9806-849D5E5F0EFD}.Debug|Any CPU.Build.0 = Debug|Any CPU
		{832DBB2B-15FF-4612-9806-849D5E5F0EFD}.Release|Any CPU.ActiveCfg = Release|Any CPU
		{832DBB2B-15FF-4612-9806-849D5E5F0EFD}.Release|Any CPU.Build.0 = Release|Any CPU
		{832DBB2B-15FF-4612-9806-849D5E5F0EFD}.Debug|iPhoneSimulator.ActiveCfg = Debug|Any CPU
		{832DBB2B-15FF-4612-9806-849D5E5F0EFD}.Debug|iPhoneSimulator.Build.0 = Debug|Any CPU
		{832DBB2B-15FF-4612-9806-849D5E5F0EFD}.Release|iPhone.ActiveCfg = Release|Any CPU
		{832DBB2B-15FF-4612-9806-849D5E5F0EFD}.Release|iPhone.Build.0 = Release|Any CPU
		{832DBB2B-15FF-4612-9806-849D5E5F0EFD}.Release|iPhoneSimulator.ActiveCfg = Release|Any CPU
		{832DBB2B-15FF-4612-9806-849D5E5F0EFD}.Release|iPhoneSimulator.Build.0 = Release|Any CPU
		{832DBB2B-15FF-4612-9806-849D5E5F0EFD}.Debug|iPhone.ActiveCfg = Debug|Any CPU
		{832DBB2B-15FF-4612-9806-849D5E5F0EFD}.Debug|iPhone.Build.0 = Debug|Any CPU
		{4FFBE147-8C0C-4DA1-91F3-FFE30D08FBB9}.Debug|Any CPU.ActiveCfg = Debug|iPhoneSimulator
		{4FFBE147-8C0C-4DA1-91F3-FFE30D08FBB9}.Debug|Any CPU.Build.0 = Debug|iPhoneSimulator
		{4FFBE147-8C0C-4DA1-91F3-FFE30D08FBB9}.Release|Any CPU.ActiveCfg = Release|iPhone
		{4FFBE147-8C0C-4DA1-91F3-FFE30D08FBB9}.Release|Any CPU.Build.0 = Release|iPhone
		{4FFBE147-8C0C-4DA1-91F3-FFE30D08FBB9}.Debug|iPhoneSimulator.ActiveCfg = Debug|iPhoneSimulator
		{4FFBE147-8C0C-4DA1-91F3-FFE30D08FBB9}.Debug|iPhoneSimulator.Build.0 = Debug|iPhoneSimulator
		{4FFBE147-8C0C-4DA1-91F3-FFE30D08FBB9}.Release|iPhone.ActiveCfg = Release|iPhone
		{4FFBE147-8C0C-4DA1-91F3-FFE30D08FBB9}.Release|iPhone.Build.0 = Release|iPhone
		{4FFBE147-8C0C-4DA1-91F3-FFE30D08FBB9}.Release|iPhoneSimulator.ActiveCfg = Release|iPhoneSimulator
		{4FFBE147-8C0C-4DA1-91F3-FFE30D08FBB9}.Release|iPhoneSimulator.Build.0 = Release|iPhoneSimulator
		{4FFBE147-8C0C-4DA1-91F3-FFE30D08FBB9}.Debug|iPhone.ActiveCfg = Debug|iPhone
		{4FFBE147-8C0C-4DA1-91F3-FFE30D08FBB9}.Debug|iPhone.Build.0 = Debug|iPhone
	EndGlobalSection
EndGlobal
